
Microsoft Visual Studio Solution File, Format Version 12.00
# Visual Studio Version 17
VisualStudioVersion = 17.4.33213.308
MinimumVisualStudioVersion = 10.0.40219.1
Project("{FAE04EC0-301F-11D3-BF4B-00C04F79EFBC}") = "condicoes", "condicoes\condicoes.csproj", "{BC49171D-3663-43DB-B31C-A5A48E21F0B1}"
EndProject
Global
	GlobalSection(SolutionConfigurationPlatforms) = preSolution
		Debug|Any CPU = Debug|Any CPU
		Release|Any CPU = Release|Any CPU
	EndGlobalSection
	GlobalSection(ProjectConfigurationPlatforms) = postSolution
		{BC49171D-3663-43DB-B31C-A5A48E21F0B1}.Debug|Any CPU.ActiveCfg = Debug|Any CPU
		{BC49171D-3663-43DB-B31C-A5A48E21F0B1}.Debug|Any CPU.Build.0 = Debug|Any CPU
		{BC49171D-3663-43DB-B31C-A5A48E21F0B1}.Release|Any CPU.ActiveCfg = Release|Any CPU
		{BC49171D-3663-43DB-B31C-A5A48E21F0B1}.Release|Any CPU.Build.0 = Release|Any CPU
	EndGlobalSection
	GlobalSection(SolutionProperties) = preSolution
		HideSolutionNode = FALSE
	EndGlobalSection
	GlobalSection(ExtensibilityGlobals) = postSolution
		SolutionGuid = {435AA475-602E-46B4-A3F7-15302A0349D1}
	EndGlobalSection
EndGlobal
